
Microsoft Visual Studio Solution File, Format Version 12.00
# Visual Studio 15
VisualStudioVersion = 15.0.27428.2015
MinimumVisualStudioVersion = 10.0.40219.1
Project("{FAE04EC0-301F-11D3-BF4B-00C04F79EFBC}") = "FGoResource", "FGoResource\FGoResource.csproj", "{6081ABEF-8572-47F2-ACBC-C108CC501433}"
EndProject
Project("{FAE04EC0-301F-11D3-BF4B-00C04F79EFBC}") = "Spilt", "Spilt\Spilt.csproj", "{5DBF43B1-E9ED-480C-ACBA-25EF96781F02}"
EndProject
Global
	GlobalSection(SolutionConfigurationPlatforms) = preSolution
		Debug|Any CPU = Debug|Any CPU
		Release|Any CPU = Release|Any CPU
	EndGlobalSection
	GlobalSection(ProjectConfigurationPlatforms) = postSolution
		{6081ABEF-8572-47F2-ACBC-C108CC501433}.Debug|Any CPU.ActiveCfg = Debug|Any CPU
		{6081ABEF-8572-47F2-ACBC-C108CC501433}.Debug|Any CPU.Build.0 = Debug|Any CPU
		{6081ABEF-8572-47F2-ACBC-C108CC501433}.Release|Any CPU.ActiveCfg = Release|Any CPU
		{6081ABEF-8572-47F2-ACBC-C108CC501433}.Release|Any CPU.Build.0 = Release|Any CPU
		{5DBF43B1-E9ED-480C-ACBA-25EF96781F02}.Debug|Any CPU.ActiveCfg = Debug|Any CPU
		{5DBF43B1-E9ED-480C-ACBA-25EF96781F02}.Debug|Any CPU.Build.0 = Debug|Any CPU
		{5DBF43B1-E9ED-480C-ACBA-25EF96781F02}.Release|Any CPU.ActiveCfg = Release|Any CPU
		{5DBF43B1-E9ED-480C-ACBA-25EF96781F02}.Release|Any CPU.Build.0 = Release|Any CPU
	EndGlobalSection
	GlobalSection(SolutionProperties) = preSolution
		HideSolutionNode = FALSE
	EndGlobalSection
	GlobalSection(ExtensibilityGlobals) = postSolution
		SolutionGuid = {E281E86F-D7BB-4DD3-A3F0-101B001433C5}
	EndGlobalSection
EndGlobal
